
Microsoft Visual Studio Solution File, Format Version 12.00
Project("{FAE04EC0-301F-11D3-BF4B-00C04F79EFBC}") = "Mastermind_Coder_Client", "Mastermind_Coder_Client\Mastermind_Coder_Client.csproj", "{87D0227D-280F-4718-96E8-016B222CEBA5}"
EndProject
Project("{FAE04EC0-301F-11D3-BF4B-00C04F79EFBC}") = "Mastermind_Solver_Client", "Mastermind_Solver_Client\Mastermind_Solver_Client.csproj", "{323037C9-68B7-4A47-9178-556813F5C75F}"
EndProject
Project("{FAE04EC0-301F-11D3-BF4B-00C04F79EFBC}") = "Mastermind_Start", "Mastermind_Start\Mastermind_Start.csproj", "{0F5A5AA5-4E0B-4FC7-8506-9F04DCA16B53}"
EndProject
Project("{FAE04EC0-301F-11D3-BF4B-00C04F79EFBC}") = "Mastermind_Server", "Mastermind_Server\Mastermind_Server.csproj", "{88E9CDB2-5449-4989-8407-0CC8284C7059}"
EndProject
Global
	GlobalSection(SolutionConfigurationPlatforms) = preSolution
		Debug|Any CPU = Debug|Any CPU
		Release|Any CPU = Release|Any CPU
	EndGlobalSection
	GlobalSection(ProjectConfigurationPlatforms) = postSolution
		{87D0227D-280F-4718-96E8-016B222CEBA5}.Debug|Any CPU.ActiveCfg = Debug|Any CPU
		{87D0227D-280F-4718-96E8-016B222CEBA5}.Debug|Any CPU.Build.0 = Debug|Any CPU
		{87D0227D-280F-4718-96E8-016B222CEBA5}.Release|Any CPU.ActiveCfg = Release|Any CPU
		{87D0227D-280F-4718-96E8-016B222CEBA5}.Release|Any CPU.Build.0 = Release|Any CPU
		{323037C9-68B7-4A47-9178-556813F5C75F}.Debug|Any CPU.ActiveCfg = Debug|Any CPU
		{323037C9-68B7-4A47-9178-556813F5C75F}.Debug|Any CPU.Build.0 = Debug|Any CPU
		{323037C9-68B7-4A47-9178-556813F5C75F}.Release|Any CPU.ActiveCfg = Release|Any CPU
		{323037C9-68B7-4A47-9178-556813F5C75F}.Release|Any CPU.Build.0 = Release|Any CPU
		{0F5A5AA5-4E0B-4FC7-8506-9F04DCA16B53}.Debug|Any CPU.ActiveCfg = Debug|Any CPU
		{0F5A5AA5-4E0B-4FC7-8506-9F04DCA16B53}.Debug|Any CPU.Build.0 = Debug|Any CPU
		{0F5A5AA5-4E0B-4FC7-8506-9F04DCA16B53}.Release|Any CPU.ActiveCfg = Release|Any CPU
		{0F5A5AA5-4E0B-4FC7-8506-9F04DCA16B53}.Release|Any CPU.Build.0 = Release|Any CPU
		{88E9CDB2-5449-4989-8407-0CC8284C7059}.Debug|Any CPU.ActiveCfg = Debug|Any CPU
		{88E9CDB2-5449-4989-8407-0CC8284C7059}.Debug|Any CPU.Build.0 = Debug|Any CPU
		{88E9CDB2-5449-4989-8407-0CC8284C7059}.Release|Any CPU.ActiveCfg = Release|Any CPU
		{88E9CDB2-5449-4989-8407-0CC8284C7059}.Release|Any CPU.Build.0 = Release|Any CPU
	EndGlobalSection
EndGlobal
